
Microsoft Visual Studio Solution File, Format Version 12.00
# Visual Studio 15
VisualStudioVersion = 15.0.26403.7
MinimumVisualStudioVersion = 10.0.40219.1
Project("{FAE04EC0-301F-11D3-BF4B-00C04F79EFBC}") = "QuemRoubouMinhaSenha.Importer", "QuemRoubouMinhaSenha.Importer\QuemRoubouMinhaSenha.Importer.csproj", "{6C07EE52-7B18-4203-8717-6B60D67AA23A}"
EndProject
Project("{FAE04EC0-301F-11D3-BF4B-00C04F79EFBC}") = "QuemRoubouMinhaSenha.Services.Api", "QuemRoubouMinhaSenha.Services.Api\QuemRoubouMinhaSenha.Services.Api.csproj", "{71DD51D9-BF1A-4D02-81B1-E37445897EBB}"
EndProject
Project("{2150E333-8FDC-42A3-9474-1A3956D46DE8}") = "Solution Items", "Solution Items", "{FEE86A1D-6E31-4996-8D84-40E7F2DA2969}"
EndProject
Project("{2150E333-8FDC-42A3-9474-1A3956D46DE8}") = "Samples", "Samples", "{B21141B1-2249-459A-837C-D863406DF4F1}"
EndProject
Global
	GlobalSection(SolutionConfigurationPlatforms) = preSolution
		Debug|Any CPU = Debug|Any CPU
		Release|Any CPU = Release|Any CPU
	EndGlobalSection
	GlobalSection(ProjectConfigurationPlatforms) = postSolution
		{6C07EE52-7B18-4203-8717-6B60D67AA23A}.Debug|Any CPU.ActiveCfg = Debug|Any CPU
		{6C07EE52-7B18-4203-8717-6B60D67AA23A}.Debug|Any CPU.Build.0 = Debug|Any CPU
		{6C07EE52-7B18-4203-8717-6B60D67AA23A}.Release|Any CPU.ActiveCfg = Release|Any CPU
		{6C07EE52-7B18-4203-8717-6B60D67AA23A}.Release|Any CPU.Build.0 = Release|Any CPU
		{71DD51D9-BF1A-4D02-81B1-E37445897EBB}.Debug|Any CPU.ActiveCfg = Debug|Any CPU
		{71DD51D9-BF1A-4D02-81B1-E37445897EBB}.Debug|Any CPU.Build.0 = Debug|Any CPU
		{71DD51D9-BF1A-4D02-81B1-E37445897EBB}.Release|Any CPU.ActiveCfg = Release|Any CPU
		{71DD51D9-BF1A-4D02-81B1-E37445897EBB}.Release|Any CPU.Build.0 = Release|Any CPU
	EndGlobalSection
	GlobalSection(SolutionProperties) = preSolution
		HideSolutionNode = FALSE
	EndGlobalSection
	GlobalSection(NestedProjects) = preSolution
		{B21141B1-2249-459A-837C-D863406DF4F1} = {FEE86A1D-6E31-4996-8D84-40E7F2DA2969}
	EndGlobalSection
EndGlobal
